
Microsoft Visual Studio Solution File, Format Version 12.00
# Visual Studio 14
VisualStudioVersion = 14.0.22823.1
MinimumVisualStudioVersion = 10.0.40219.1
Project("{FAE04EC0-301F-11D3-BF4B-00C04F79EFBC}") = "Messenger", "Messenger\Messenger.csproj", "{9CD7A6CD-14DF-4326-BF7A-43CBA4DEF341}"
EndProject
Project("{FAE04EC0-301F-11D3-BF4B-00C04F79EFBC}") = "DBPCL", "DB\DBPCL.csproj", "{C02FA423-B446-4F7C-99A0-D250D9416B2F}"
EndProject
Project("{FAE04EC0-301F-11D3-BF4B-00C04F79EFBC}") = "cl_DB", "cl_DB\cl_DB.csproj", "{64F5DED1-7DF2-4122-8F07-3C53AD78F587}"
EndProject
Global
	GlobalSection(SolutionConfigurationPlatforms) = preSolution
		Debug|Any CPU = Debug|Any CPU
		Release|Any CPU = Release|Any CPU
	EndGlobalSection
	GlobalSection(ProjectConfigurationPlatforms) = postSolution
		{9CD7A6CD-14DF-4326-BF7A-43CBA4DEF341}.Debug|Any CPU.ActiveCfg = Debug|Any CPU
		{9CD7A6CD-14DF-4326-BF7A-43CBA4DEF341}.Debug|Any CPU.Build.0 = Debug|Any CPU
		{9CD7A6CD-14DF-4326-BF7A-43CBA4DEF341}.Release|Any CPU.ActiveCfg = Release|Any CPU
		{9CD7A6CD-14DF-4326-BF7A-43CBA4DEF341}.Release|Any CPU.Build.0 = Release|Any CPU
		{C02FA423-B446-4F7C-99A0-D250D9416B2F}.Debug|Any CPU.ActiveCfg = Debug|Any CPU
		{C02FA423-B446-4F7C-99A0-D250D9416B2F}.Debug|Any CPU.Build.0 = Debug|Any CPU
		{C02FA423-B446-4F7C-99A0-D250D9416B2F}.Release|Any CPU.ActiveCfg = Release|Any CPU
		{C02FA423-B446-4F7C-99A0-D250D9416B2F}.Release|Any CPU.Build.0 = Release|Any CPU
		{64F5DED1-7DF2-4122-8F07-3C53AD78F587}.Debug|Any CPU.ActiveCfg = Debug|Any CPU
		{64F5DED1-7DF2-4122-8F07-3C53AD78F587}.Debug|Any CPU.Build.0 = Debug|Any CPU
		{64F5DED1-7DF2-4122-8F07-3C53AD78F587}.Release|Any CPU.ActiveCfg = Release|Any CPU
		{64F5DED1-7DF2-4122-8F07-3C53AD78F587}.Release|Any CPU.Build.0 = Release|Any CPU
	EndGlobalSection
	GlobalSection(SolutionProperties) = preSolution
		HideSolutionNode = FALSE
	EndGlobalSection
EndGlobal
