
Microsoft Visual Studio Solution File, Format Version 12.00
# Visual Studio 14
VisualStudioVersion = 14.0.22310.1
MinimumVisualStudioVersion = 10.0.40219.1
Project("{FAE04EC0-301F-11D3-BF4B-00C04F79EFBC}") = "App2", "App2\App2\App2.csproj", "{0FB6FB6E-B812-424C-9446-74685F76E414}"
EndProject
Project("{FAE04EC0-301F-11D3-BF4B-00C04F79EFBC}") = "App2.iOS", "App2\App2.iOS\App2.iOS.csproj", "{D93358B0-9008-4DE5-BDB2-279C7E674315}"
EndProject
Project("{FAE04EC0-301F-11D3-BF4B-00C04F79EFBC}") = "App2.Droid", "App2\App2.Droid\App2.Droid.csproj", "{20B86939-F24F-4C73-BB2C-0D7D3DCF8363}"
EndProject
Project("{FAE04EC0-301F-11D3-BF4B-00C04F79EFBC}") = "App2.WinPhone", "App2\App2.WinPhone\App2.WinPhone.csproj", "{D7B5D27B-2ECB-4CA4-82C6-D771E64747AC}"
EndProject
Global
	GlobalSection(SolutionConfigurationPlatforms) = preSolution
		Ad-Hoc|Any CPU = Ad-Hoc|Any CPU
		Ad-Hoc|ARM = Ad-Hoc|ARM
		Ad-Hoc|iPhone = Ad-Hoc|iPhone
		Ad-Hoc|iPhoneSimulator = Ad-Hoc|iPhoneSimulator
		Ad-Hoc|Mixed Platforms = Ad-Hoc|Mixed Platforms
		Ad-Hoc|x86 = Ad-Hoc|x86
		AppStore|Any CPU = AppStore|Any CPU
		AppStore|ARM = AppStore|ARM
		AppStore|iPhone = AppStore|iPhone
		AppStore|iPhoneSimulator = AppStore|iPhoneSimulator
		AppStore|Mixed Platforms = AppStore|Mixed Platforms
		AppStore|x86 = AppStore|x86
		Debug|Any CPU = Debug|Any CPU
		Debug|ARM = Debug|ARM
		Debug|iPhone = Debug|iPhone
		Debug|iPhoneSimulator = Debug|iPhoneSimulator
		Debug|Mixed Platforms = Debug|Mixed Platforms
		Debug|x86 = Debug|x86
		Release|Any CPU = Release|Any CPU
		Release|ARM = Release|ARM
		Release|iPhone = Release|iPhone
		Release|iPhoneSimulator = Release|iPhoneSimulator
		Release|Mixed Platforms = Release|Mixed Platforms
		Release|x86 = Release|x86
	EndGlobalSection
	GlobalSection(ProjectConfigurationPlatforms) = postSolution
		{0FB6FB6E-B812-424C-9446-74685F76E414}.Ad-Hoc|Any CPU.ActiveCfg = Release|Any CPU
		{0FB6FB6E-B812-424C-9446-74685F76E414}.Ad-Hoc|Any CPU.Build.0 = Release|Any CPU
		{0FB6FB6E-B812-424C-9446-74685F76E414}.Ad-Hoc|ARM.ActiveCfg = Release|Any CPU
		{0FB6FB6E-B812-424C-9446-74685F76E414}.Ad-Hoc|ARM.Build.0 = Release|Any CPU
		{0FB6FB6E-B812-424C-9446-74685F76E414}.Ad-Hoc|iPhone.ActiveCfg = Release|Any CPU
		{0FB6FB6E-B812-424C-9446-74685F76E414}.Ad-Hoc|iPhone.Build.0 = Release|Any CPU
		{0FB6FB6E-B812-424C-9446-74685F76E414}.Ad-Hoc|iPhoneSimulator.ActiveCfg = Release|Any CPU
		{0FB6FB6E-B812-424C-9446-74685F76E414}.Ad-Hoc|iPhoneSimulator.Build.0 = Release|Any CPU
		{0FB6FB6E-B812-424C-9446-74685F76E414}.Ad-Hoc|Mixed Platforms.ActiveCfg = Release|Any CPU
		{0FB6FB6E-B812-424C-9446-74685F76E414}.Ad-Hoc|Mixed Platforms.Build.0 = Release|Any CPU
		{0FB6FB6E-B812-424C-9446-74685F76E414}.Ad-Hoc|x86.ActiveCfg = Release|Any CPU
		{0FB6FB6E-B812-424C-9446-74685F76E414}.Ad-Hoc|x86.Build.0 = Release|Any CPU
		{0FB6FB6E-B812-424C-9446-74685F76E414}.AppStore|Any CPU.ActiveCfg = Release|Any CPU
		{0FB6FB6E-B812-424C-9446-74685F76E414}.AppStore|Any CPU.Build.0 = Release|Any CPU
		{0FB6FB6E-B812-424C-9446-74685F76E414}.AppStore|ARM.ActiveCfg = Release|Any CPU
		{0FB6FB6E-B812-424C-9446-74685F76E414}.AppStore|ARM.Build.0 = Release|Any CPU
		{0FB6FB6E-B812-424C-9446-74685F76E414}.AppStore|iPhone.ActiveCfg = Release|Any CPU
		{0FB6FB6E-B812-424C-9446-74685F76E414}.AppStore|iPhone.Build.0 = Release|Any CPU
		{0FB6FB6E-B812-424C-9446-74685F76E414}.AppStore|iPhoneSimulator.ActiveCfg = Release|Any CPU
		{0FB6FB6E-B812-424C-9446-74685F76E414}.AppStore|iPhoneSimulator.Build.0 = Release|Any CPU
		{0FB6FB6E-B812-424C-9446-74685F76E414}.AppStore|Mixed Platforms.ActiveCfg = Release|Any CPU
		{0FB6FB6E-B812-424C-9446-74685F76E414}.AppStore|Mixed Platforms.Build.0 = Release|Any CPU
		{0FB6FB6E-B812-424C-9446-74685F76E414}.AppStore|x86.ActiveCfg = Release|Any CPU
		{0FB6FB6E-B812-424C-9446-74685F76E414}.AppStore|x86.Build.0 = Release|Any CPU
		{0FB6FB6E-B812-424C-9446-74685F76E414}.Debug|Any CPU.ActiveCfg = Debug|Any CPU
		{0FB6FB6E-B812-424C-9446-74685F76E414}.Debug|Any CPU.Build.0 = Debug|Any CPU
		{0FB6FB6E-B812-424C-9446-74685F76E414}.Debug|ARM.ActiveCfg = Debug|Any CPU
		{0FB6FB6E-B812-424C-9446-74685F76E414}.Debug|ARM.Build.0 = Debug|Any CPU
		{0FB6FB6E-B812-424C-9446-74685F76E414}.Debug|iPhone.ActiveCfg = Debug|Any CPU
		{0FB6FB6E-B812-424C-9446-74685F76E414}.Debug|iPhone.Build.0 = Debug|Any CPU
		{0FB6FB6E-B812-424C-9446-74685F76E414}.Debug|iPhoneSimulator.ActiveCfg = Debug|Any CPU
		{0FB6FB6E-B812-424C-9446-74685F76E414}.Debug|iPhoneSimulator.Build.0 = Debug|Any CPU
		{0FB6FB6E-B812-424C-9446-74685F76E414}.Debug|Mixed Platforms.ActiveCfg = Debug|Any CPU
		{0FB6FB6E-B812-424C-9446-74685F76E414}.Debug|Mixed Platforms.Build.0 = Debug|Any CPU
		{0FB6FB6E-B812-424C-9446-74685F76E414}.Debug|x86.ActiveCfg = Debug|Any CPU
		{0FB6FB6E-B812-424C-9446-74685F76E414}.Debug|x86.Build.0 = Debug|Any CPU
		{0FB6FB6E-B812-424C-9446-74685F76E414}.Release|Any CPU.ActiveCfg = Release|Any CPU
		{0FB6FB6E-B812-424C-9446-74685F76E414}.Release|Any CPU.Build.0 = Release|Any CPU
		{0FB6FB6E-B812-424C-9446-74685F76E414}.Release|ARM.ActiveCfg = Release|Any CPU
		{0FB6FB6E-B812-424C-9446-74685F76E414}.Release|ARM.Build.0 = Release|Any CPU
		{0FB6FB6E-B812-424C-9446-74685F76E414}.Release|iPhone.ActiveCfg = Release|Any CPU
		{0FB6FB6E-B812-424C-9446-74685F76E414}.Release|iPhone.Build.0 = Release|Any CPU
		{0FB6FB6E-B812-424C-9446-74685F76E414}.Release|iPhoneSimulator.ActiveCfg = Release|Any CPU
		{0FB6FB6E-B812-424C-9446-74685F76E414}.Release|iPhoneSimulator.Build.0 = Release|Any CPU
		{0FB6FB6E-B812-424C-9446-74685F76E414}.Release|Mixed Platforms.ActiveCfg = Release|Any CPU
		{0FB6FB6E-B812-424C-9446-74685F76E414}.Release|Mixed Platforms.Build.0 = Release|Any CPU
		{0FB6FB6E-B812-424C-9446-74685F76E414}.Release|x86.ActiveCfg = Release|Any CPU
		{0FB6FB6E-B812-424C-9446-74685F76E414}.Release|x86.Build.0 = Release|Any CPU
		{D93358B0-9008-4DE5-BDB2-279C7E674315}.Ad-Hoc|Any CPU.ActiveCfg = Ad-Hoc|iPhone
		{D93358B0-9008-4DE5-BDB2-279C7E674315}.Ad-Hoc|ARM.ActiveCfg = Ad-Hoc|iPhone
		{D93358B0-9008-4DE5-BDB2-279C7E674315}.Ad-Hoc|iPhone.ActiveCfg = Ad-Hoc|iPhone
		{D93358B0-9008-4DE5-BDB2-279C7E674315}.Ad-Hoc|iPhone.Build.0 = Ad-Hoc|iPhone
		{D93358B0-9008-4DE5-BDB2-279C7E674315}.Ad-Hoc|iPhoneSimulator.ActiveCfg = Ad-Hoc|iPhoneSimulator
		{D93358B0-9008-4DE5-BDB2-279C7E674315}.Ad-Hoc|iPhoneSimulator.Build.0 = Ad-Hoc|iPhoneSimulator
		{D93358B0-9008-4DE5-BDB2-279C7E674315}.Ad-Hoc|Mixed Platforms.ActiveCfg = Ad-Hoc|iPhone
		{D93358B0-9008-4DE5-BDB2-279C7E674315}.Ad-Hoc|Mixed Platforms.Build.0 = Ad-Hoc|iPhone
		{D93358B0-9008-4DE5-BDB2-279C7E674315}.Ad-Hoc|x86.ActiveCfg = Ad-Hoc|iPhone
		{D93358B0-9008-4DE5-BDB2-279C7E674315}.AppStore|Any CPU.ActiveCfg = AppStore|iPhone
		{D93358B0-9008-4DE5-BDB2-279C7E674315}.AppStore|ARM.ActiveCfg = AppStore|iPhone
		{D93358B0-9008-4DE5-BDB2-279C7E674315}.AppStore|iPhone.ActiveCfg = AppStore|iPhone
		{D93358B0-9008-4DE5-BDB2-279C7E674315}.AppStore|iPhone.Build.0 = AppStore|iPhone
		{D93358B0-9008-4DE5-BDB2-279C7E674315}.AppStore|iPhoneSimulator.ActiveCfg = AppStore|iPhoneSimulator
		{D93358B0-9008-4DE5-BDB2-279C7E674315}.AppStore|iPhoneSimulator.Build.0 = AppStore|iPhoneSimulator
		{D93358B0-9008-4DE5-BDB2-279C7E674315}.AppStore|Mixed Platforms.ActiveCfg = AppStore|iPhone
		{D93358B0-9008-4DE5-BDB2-279C7E674315}.AppStore|Mixed Platforms.Build.0 = AppStore|iPhone
		{D93358B0-9008-4DE5-BDB2-279C7E674315}.AppStore|x86.ActiveCfg = AppStore|iPhone
		{D93358B0-9008-4DE5-BDB2-279C7E674315}.Debug|Any CPU.ActiveCfg = Debug|iPhone
		{D93358B0-9008-4DE5-BDB2-279C7E674315}.Debug|ARM.ActiveCfg = Debug|iPhone
		{D93358B0-9008-4DE5-BDB2-279C7E674315}.Debug|iPhone.ActiveCfg = Debug|iPhone
		{D93358B0-9008-4DE5-BDB2-279C7E674315}.Debug|iPhone.Build.0 = Debug|iPhone
		{D93358B0-9008-4DE5-BDB2-279C7E674315}.Debug|iPhoneSimulator.ActiveCfg = Debug|iPhoneSimulator
		{D93358B0-9008-4DE5-BDB2-279C7E674315}.Debug|iPhoneSimulator.Build.0 = Debug|iPhoneSimulator
		{D93358B0-9008-4DE5-BDB2-279C7E674315}.Debug|Mixed Platforms.ActiveCfg = Debug|iPhone
		{D93358B0-9008-4DE5-BDB2-279C7E674315}.Debug|Mixed Platforms.Build.0 = Debug|iPhone
		{D93358B0-9008-4DE5-BDB2-279C7E674315}.Debug|x86.ActiveCfg = Debug|iPhone
		{D93358B0-9008-4DE5-BDB2-279C7E674315}.Release|Any CPU.ActiveCfg = Release|iPhone
		{D93358B0-9008-4DE5-BDB2-279C7E674315}.Release|ARM.ActiveCfg = Release|iPhone
		{D93358B0-9008-4DE5-BDB2-279C7E674315}.Release|iPhone.ActiveCfg = Release|iPhone
		{D93358B0-9008-4DE5-BDB2-279C7E674315}.Release|iPhone.Build.0 = Release|iPhone
		{D93358B0-9008-4DE5-BDB2-279C7E674315}.Release|iPhoneSimulator.ActiveCfg = Release|iPhoneSimulator
		{D93358B0-9008-4DE5-BDB2-279C7E674315}.Release|iPhoneSimulator.Build.0 = Release|iPhoneSimulator
		{D93358B0-9008-4DE5-BDB2-279C7E674315}.Release|Mixed Platforms.ActiveCfg = Release|iPhone
		{D93358B0-9008-4DE5-BDB2-279C7E674315}.Release|Mixed Platforms.Build.0 = Release|iPhone
		{D93358B0-9008-4DE5-BDB2-279C7E674315}.Release|x86.ActiveCfg = Release|iPhone
		{20B86939-F24F-4C73-BB2C-0D7D3DCF8363}.Ad-Hoc|Any CPU.ActiveCfg = Release|Any CPU
		{20B86939-F24F-4C73-BB2C-0D7D3DCF8363}.Ad-Hoc|Any CPU.Build.0 = Release|Any CPU
		{20B86939-F24F-4C73-BB2C-0D7D3DCF8363}.Ad-Hoc|Any CPU.Deploy.0 = Release|Any CPU
		{20B86939-F24F-4C73-BB2C-0D7D3DCF8363}.Ad-Hoc|ARM.ActiveCfg = Release|Any CPU
		{20B86939-F24F-4C73-BB2C-0D7D3DCF8363}.Ad-Hoc|ARM.Build.0 = Release|Any CPU
		{20B86939-F24F-4C73-BB2C-0D7D3DCF8363}.Ad-Hoc|ARM.Deploy.0 = Release|Any CPU
		{20B86939-F24F-4C73-BB2C-0D7D3DCF8363}.Ad-Hoc|iPhone.ActiveCfg = Release|Any CPU
		{20B86939-F24F-4C73-BB2C-0D7D3DCF8363}.Ad-Hoc|iPhone.Build.0 = Release|Any CPU
		{20B86939-F24F-4C73-BB2C-0D7D3DCF8363}.Ad-Hoc|iPhone.Deploy.0 = Release|Any CPU
		{20B86939-F24F-4C73-BB2C-0D7D3DCF8363}.Ad-Hoc|iPhoneSimulator.ActiveCfg = Release|Any CPU
		{20B86939-F24F-4C73-BB2C-0D7D3DCF8363}.Ad-Hoc|iPhoneSimulator.Build.0 = Release|Any CPU
		{20B86939-F24F-4C73-BB2C-0D7D3DCF8363}.Ad-Hoc|iPhoneSimulator.Deploy.0 = Release|Any CPU
		{20B86939-F24F-4C73-BB2C-0D7D3DCF8363}.Ad-Hoc|Mixed Platforms.ActiveCfg = Release|Any CPU
		{20B86939-F24F-4C73-BB2C-0D7D3DCF8363}.Ad-Hoc|Mixed Platforms.Build.0 = Release|Any CPU
		{20B86939-F24F-4C73-BB2C-0D7D3DCF8363}.Ad-Hoc|Mixed Platforms.Deploy.0 = Release|Any CPU
		{20B86939-F24F-4C73-BB2C-0D7D3DCF8363}.Ad-Hoc|x86.ActiveCfg = Release|Any CPU
		{20B86939-F24F-4C73-BB2C-0D7D3DCF8363}.Ad-Hoc|x86.Build.0 = Release|Any CPU
		{20B86939-F24F-4C73-BB2C-0D7D3DCF8363}.Ad-Hoc|x86.Deploy.0 = Release|Any CPU
		{20B86939-F24F-4C73-BB2C-0D7D3DCF8363}.AppStore|Any CPU.ActiveCfg = Release|Any CPU
		{20B86939-F24F-4C73-BB2C-0D7D3DCF8363}.AppStore|Any CPU.Build.0 = Release|Any CPU
		{20B86939-F24F-4C73-BB2C-0D7D3DCF8363}.AppStore|Any CPU.Deploy.0 = Release|Any CPU
		{20B86939-F24F-4C73-BB2C-0D7D3DCF8363}.AppStore|ARM.ActiveCfg = Release|Any CPU
		{20B86939-F24F-4C73-BB2C-0D7D3DCF8363}.AppStore|ARM.Build.0 = Release|Any CPU
		{20B86939-F24F-4C73-BB2C-0D7D3DCF8363}.AppStore|ARM.Deploy.0 = Release|Any CPU
		{20B86939-F24F-4C73-BB2C-0D7D3DCF8363}.AppStore|iPhone.ActiveCfg = Release|Any CPU
		{20B86939-F24F-4C73-BB2C-0D7D3DCF8363}.AppStore|iPhone.Build.0 = Release|Any CPU
		{20B86939-F24F-4C73-BB2C-0D7D3DCF8363}.AppStore|iPhone.Deploy.0 = Release|Any CPU
		{20B86939-F24F-4C73-BB2C-0D7D3DCF8363}.AppStore|iPhoneSimulator.ActiveCfg = Release|Any CPU
		{20B86939-F24F-4C73-BB2C-0D7D3DCF8363}.AppStore|iPhoneSimulator.Build.0 = Release|Any CPU
		{20B86939-F24F-4C73-BB2C-0D7D3DCF8363}.AppStore|iPhoneSimulator.Deploy.0 = Release|Any CPU
		{20B86939-F24F-4C73-BB2C-0D7D3DCF8363}.AppStore|Mixed Platforms.ActiveCfg = Release|Any CPU
		{20B86939-F24F-4C73-BB2C-0D7D3DCF8363}.AppStore|Mixed Platforms.Build.0 = Release|Any CPU
		{20B86939-F24F-4C73-BB2C-0D7D3DCF8363}.AppStore|Mixed Platforms.Deploy.0 = Release|Any CPU
		{20B86939-F24F-4C73-BB2C-0D7D3DCF8363}.AppStore|x86.ActiveCfg = Release|Any CPU
		{20B86939-F24F-4C73-BB2C-0D7D3DCF8363}.AppStore|x86.Build.0 = Release|Any CPU
		{20B86939-F24F-4C73-BB2C-0D7D3DCF8363}.AppStore|x86.Deploy.0 = Release|Any CPU
		{20B86939-F24F-4C73-BB2C-0D7D3DCF8363}.Debug|Any CPU.ActiveCfg = Debug|Any CPU
		{20B86939-F24F-4C73-BB2C-0D7D3DCF8363}.Debug|Any CPU.Build.0 = Debug|Any CPU
		{20B86939-F24F-4C73-BB2C-0D7D3DCF8363}.Debug|Any CPU.Deploy.0 = Debug|Any CPU
		{20B86939-F24F-4C73-BB2C-0D7D3DCF8363}.Debug|ARM.ActiveCfg = Debug|Any CPU
		{20B86939-F24F-4C73-BB2C-0D7D3DCF8363}.Debug|ARM.Build.0 = Debug|Any CPU
		{20B86939-F24F-4C73-BB2C-0D7D3DCF8363}.Debug|ARM.Deploy.0 = Debug|Any CPU
		{20B86939-F24F-4C73-BB2C-0D7D3DCF8363}.Debug|iPhone.ActiveCfg = Debug|Any CPU
		{20B86939-F24F-4C73-BB2C-0D7D3DCF8363}.Debug|iPhone.Build.0 = Debug|Any CPU
		{20B86939-F24F-4C73-BB2C-0D7D3DCF8363}.Debug|iPhone.Deploy.0 = Debug|Any CPU
		{20B86939-F24F-4C73-BB2C-0D7D3DCF8363}.Debug|iPhoneSimulator.ActiveCfg = Debug|Any CPU
		{20B86939-F24F-4C73-BB2C-0D7D3DCF8363}.Debug|iPhoneSimulator.Build.0 = Debug|Any CPU
		{20B86939-F24F-4C73-BB2C-0D7D3DCF8363}.Debug|iPhoneSimulator.Deploy.0 = Debug|Any CPU
		{20B86939-F24F-4C73-BB2C-0D7D3DCF8363}.Debug|Mixed Platforms.ActiveCfg = Debug|Any CPU
		{20B86939-F24F-4C73-BB2C-0D7D3DCF8363}.Debug|Mixed Platforms.Build.0 = Debug|Any CPU
		{20B86939-F24F-4C73-BB2C-0D7D3DCF8363}.Debug|Mixed Platforms.Deploy.0 = Debug|Any CPU
		{20B86939-F24F-4C73-BB2C-0D7D3DCF8363}.Debug|x86.ActiveCfg = Debug|Any CPU
		{20B86939-F24F-4C73-BB2C-0D7D3DCF8363}.Debug|x86.Build.0 = Debug|Any CPU
		{20B86939-F24F-4C73-BB2C-0D7D3DCF8363}.Debug|x86.Deploy.0 = Debug|Any CPU
		{20B86939-F24F-4C73-BB2C-0D7D3DCF8363}.Release|Any CPU.ActiveCfg = Release|Any CPU
		{20B86939-F24F-4C73-BB2C-0D7D3DCF8363}.Release|Any CPU.Build.0 = Release|Any CPU
		{20B86939-F24F-4C73-BB2C-0D7D3DCF8363}.Release|Any CPU.Deploy.0 = Release|Any CPU
		{20B86939-F24F-4C73-BB2C-0D7D3DCF8363}.Release|ARM.ActiveCfg = Release|Any CPU
		{20B86939-F24F-4C73-BB2C-0D7D3DCF8363}.Release|ARM.Build.0 = Release|Any CPU
		{20B86939-F24F-4C73-BB2C-0D7D3DCF8363}.Release|ARM.Deploy.0 = Release|Any CPU
		{20B86939-F24F-4C73-BB2C-0D7D3DCF8363}.Release|iPhone.ActiveCfg = Release|Any CPU
		{20B86939-F24F-4C73-BB2C-0D7D3DCF8363}.Release|iPhone.Build.0 = Release|Any CPU
		{20B86939-F24F-4C73-BB2C-0D7D3DCF8363}.Release|iPhone.Deploy.0 = Release|Any CPU
		{20B86939-F24F-4C73-BB2C-0D7D3DCF8363}.Release|iPhoneSimulator.ActiveCfg = Release|Any CPU
		{20B86939-F24F-4C73-BB2C-0D7D3DCF8363}.Release|iPhoneSimulator.Build.0 = Release|Any CPU
		{20B86939-F24F-4C73-BB2C-0D7D3DCF8363}.Release|iPhoneSimulator.Deploy.0 = Release|Any CPU
		{20B86939-F24F-4C73-BB2C-0D7D3DCF8363}.Release|Mixed Platforms.ActiveCfg = Release|Any CPU
		{20B86939-F24F-4C73-BB2C-0D7D3DCF8363}.Release|Mixed Platforms.Build.0 = Release|Any CPU
		{20B86939-F24F-4C73-BB2C-0D7D3DCF8363}.Release|Mixed Platforms.Deploy.0 = Release|Any CPU
		{20B86939-F24F-4C73-BB2C-0D7D3DCF8363}.Release|x86.ActiveCfg = Release|Any CPU
		{20B86939-F24F-4C73-BB2C-0D7D3DCF8363}.Release|x86.Build.0 = Release|Any CPU
		{20B86939-F24F-4C73-BB2C-0D7D3DCF8363}.Release|x86.Deploy.0 = Release|Any CPU
		{D7B5D27B-2ECB-4CA4-82C6-D771E64747AC}.Ad-Hoc|Any CPU.ActiveCfg = Release|Any CPU
		{D7B5D27B-2ECB-4CA4-82C6-D771E64747AC}.Ad-Hoc|Any CPU.Build.0 = Release|Any CPU
		{D7B5D27B-2ECB-4CA4-82C6-D771E64747AC}.Ad-Hoc|Any CPU.Deploy.0 = Release|Any CPU
		{D7B5D27B-2ECB-4CA4-82C6-D771E64747AC}.Ad-Hoc|ARM.ActiveCfg = Release|ARM
		{D7B5D27B-2ECB-4CA4-82C6-D771E64747AC}.Ad-Hoc|ARM.Build.0 = Release|ARM
		{D7B5D27B-2ECB-4CA4-82C6-D771E64747AC}.Ad-Hoc|ARM.Deploy.0 = Release|ARM
		{D7B5D27B-2ECB-4CA4-82C6-D771E64747AC}.Ad-Hoc|iPhone.ActiveCfg = Release|Any CPU
		{D7B5D27B-2ECB-4CA4-82C6-D771E64747AC}.Ad-Hoc|iPhone.Build.0 = Release|Any CPU
		{D7B5D27B-2ECB-4CA4-82C6-D771E64747AC}.Ad-Hoc|iPhone.Deploy.0 = Release|Any CPU
		{D7B5D27B-2ECB-4CA4-82C6-D771E64747AC}.Ad-Hoc|iPhoneSimulator.ActiveCfg = Release|Any CPU
		{D7B5D27B-2ECB-4CA4-82C6-D771E64747AC}.Ad-Hoc|iPhoneSimulator.Build.0 = Release|Any CPU
		{D7B5D27B-2ECB-4CA4-82C6-D771E64747AC}.Ad-Hoc|iPhoneSimulator.Deploy.0 = Release|Any CPU
		{D7B5D27B-2ECB-4CA4-82C6-D771E64747AC}.Ad-Hoc|Mixed Platforms.ActiveCfg = Release|x86
		{D7B5D27B-2ECB-4CA4-82C6-D771E64747AC}.Ad-Hoc|Mixed Platforms.Build.0 = Release|x86
		{D7B5D27B-2ECB-4CA4-82C6-D771E64747AC}.Ad-Hoc|Mixed Platforms.Deploy.0 = Release|x86
		{D7B5D27B-2ECB-4CA4-82C6-D771E64747AC}.Ad-Hoc|x86.ActiveCfg = Release|x86
		{D7B5D27B-2ECB-4CA4-82C6-D771E64747AC}.Ad-Hoc|x86.Build.0 = Release|x86
		{D7B5D27B-2ECB-4CA4-82C6-D771E64747AC}.Ad-Hoc|x86.Deploy.0 = Release|x86
		{D7B5D27B-2ECB-4CA4-82C6-D771E64747AC}.AppStore|Any CPU.ActiveCfg = Release|Any CPU
		{D7B5D27B-2ECB-4CA4-82C6-D771E64747AC}.AppStore|Any CPU.Build.0 = Release|Any CPU
		{D7B5D27B-2ECB-4CA4-82C6-D771E64747AC}.AppStore|Any CPU.Deploy.0 = Release|Any CPU
		{D7B5D27B-2ECB-4CA4-82C6-D771E64747AC}.AppStore|ARM.ActiveCfg = Release|ARM
		{D7B5D27B-2ECB-4CA4-82C6-D771E64747AC}.AppStore|ARM.Build.0 = Release|ARM
		{D7B5D27B-2ECB-4CA4-82C6-D771E64747AC}.AppStore|ARM.Deploy.0 = Release|ARM
		{D7B5D27B-2ECB-4CA4-82C6-D771E64747AC}.AppStore|iPhone.ActiveCfg = Release|Any CPU
		{D7B5D27B-2ECB-4CA4-82C6-D771E64747AC}.AppStore|iPhone.Build.0 = Release|Any CPU
		{D7B5D27B-2ECB-4CA4-82C6-D771E64747AC}.AppStore|iPhone.Deploy.0 = Release|Any CPU
		{D7B5D27B-2ECB-4CA4-82C6-D771E64747AC}.AppStore|iPhoneSimulator.ActiveCfg = Release|Any CPU
		{D7B5D27B-2ECB-4CA4-82C6-D771E64747AC}.AppStore|iPhoneSimulator.Build.0 = Release|Any CPU
		{D7B5D27B-2ECB-4CA4-82C6-D771E64747AC}.AppStore|iPhoneSimulator.Deploy.0 = Release|Any CPU
		{D7B5D27B-2ECB-4CA4-82C6-D771E64747AC}.AppStore|Mixed Platforms.ActiveCfg = Release|x86
		{D7B5D27B-2ECB-4CA4-82C6-D771E64747AC}.AppStore|Mixed Platforms.Build.0 = Release|x86
		{D7B5D27B-2ECB-4CA4-82C6-D771E64747AC}.AppStore|Mixed Platforms.Deploy.0 = Release|x86
		{D7B5D27B-2ECB-4CA4-82C6-D771E64747AC}.AppStore|x86.ActiveCfg = Release|x86
		{D7B5D27B-2ECB-4CA4-82C6-D771E64747AC}.AppStore|x86.Build.0 = Release|x86
		{D7B5D27B-2ECB-4CA4-82C6-D771E64747AC}.AppStore|x86.Deploy.0 = Release|x86
		{D7B5D27B-2ECB-4CA4-82C6-D771E64747AC}.Debug|Any CPU.ActiveCfg = Debug|Any CPU
		{D7B5D27B-2ECB-4CA4-82C6-D771E64747AC}.Debug|Any CPU.Build.0 = Debug|Any CPU
		{D7B5D27B-2ECB-4CA4-82C6-D771E64747AC}.Debug|Any CPU.Deploy.0 = Debug|Any CPU
		{D7B5D27B-2ECB-4CA4-82C6-D771E64747AC}.Debug|ARM.ActiveCfg = Debug|ARM
		{D7B5D27B-2ECB-4CA4-82C6-D771E64747AC}.Debug|ARM.Build.0 = Debug|ARM
		{D7B5D27B-2ECB-4CA4-82C6-D771E64747AC}.Debug|ARM.Deploy.0 = Debug|ARM
		{D7B5D27B-2ECB-4CA4-82C6-D771E64747AC}.Debug|iPhone.ActiveCfg = Debug|Any CPU
		{D7B5D27B-2ECB-4CA4-82C6-D771E64747AC}.Debug|iPhone.Build.0 = Debug|Any CPU
		{D7B5D27B-2ECB-4CA4-82C6-D771E64747AC}.Debug|iPhone.Deploy.0 = Debug|Any CPU
		{D7B5D27B-2ECB-4CA4-82C6-D771E64747AC}.Debug|iPhoneSimulator.ActiveCfg = Debug|Any CPU
		{D7B5D27B-2ECB-4CA4-82C6-D771E64747AC}.Debug|iPhoneSimulator.Build.0 = Debug|Any CPU
		{D7B5D27B-2ECB-4CA4-82C6-D771E64747AC}.Debug|iPhoneSimulator.Deploy.0 = Debug|Any CPU
		{D7B5D27B-2ECB-4CA4-82C6-D771E64747AC}.Debug|Mixed Platforms.ActiveCfg = Debug|x86
		{D7B5D27B-2ECB-4CA4-82C6-D771E64747AC}.Debug|Mixed Platforms.Build.0 = Debug|x86
		{D7B5D27B-2ECB-4CA4-82C6-D771E64747AC}.Debug|Mixed Platforms.Deploy.0 = Debug|x86
		{D7B5D27B-2ECB-4CA4-82C6-D771E64747AC}.Debug|x86.ActiveCfg = Debug|x86
		{D7B5D27B-2ECB-4CA4-82C6-D771E64747AC}.Debug|x86.Build.0 = Debug|x86
		{D7B5D27B-2ECB-4CA4-82C6-D771E64747AC}.Debug|x86.Deploy.0 = Debug|x86
		{D7B5D27B-2ECB-4CA4-82C6-D771E64747AC}.Release|Any CPU.ActiveCfg = Release|Any CPU
		{D7B5D27B-2ECB-4CA4-82C6-D771E64747AC}.Release|Any CPU.Build.0 = Release|Any CPU
		{D7B5D27B-2ECB-4CA4-82C6-D771E64747AC}.Release|Any CPU.Deploy.0 = Release|Any CPU
		{D7B5D27B-2ECB-4CA4-82C6-D771E64747AC}.Release|ARM.ActiveCfg = Release|ARM
		{D7B5D27B-2ECB-4CA4-82C6-D771E64747AC}.Release|ARM.Build.0 = Release|ARM
		{D7B5D27B-2ECB-4CA4-82C6-D771E64747AC}.Release|ARM.Deploy.0 = Release|ARM
		{D7B5D27B-2ECB-4CA4-82C6-D771E64747AC}.Release|iPhone.ActiveCfg = Release|Any CPU
		{D7B5D27B-2ECB-4CA4-82C6-D771E64747AC}.Release|iPhone.Build.0 = Release|Any CPU
		{D7B5D27B-2ECB-4CA4-82C6-D771E64747AC}.Release|iPhone.Deploy.0 = Release|Any CPU
		{D7B5D27B-2ECB-4CA4-82C6-D771E64747AC}.Release|iPhoneSimulator.ActiveCfg = Release|Any CPU
		{D7B5D27B-2ECB-4CA4-82C6-D771E64747AC}.Release|iPhoneSimulator.Build.0 = Release|Any CPU
		{D7B5D27B-2ECB-4CA4-82C6-D771E64747AC}.Release|iPhoneSimulator.Deploy.0 = Release|Any CPU
		{D7B5D27B-2ECB-4CA4-82C6-D771E64747AC}.Release|Mixed Platforms.ActiveCfg = Release|x86
		{D7B5D27B-2ECB-4CA4-82C6-D771E64747AC}.Release|Mixed Platforms.Build.0 = Release|x86
		{D7B5D27B-2ECB-4CA4-82C6-D771E64747AC}.Release|Mixed Platforms.Deploy.0 = Release|x86
		{D7B5D27B-2ECB-4CA4-82C6-D771E64747AC}.Release|x86.ActiveCfg = Release|x86
		{D7B5D27B-2ECB-4CA4-82C6-D771E64747AC}.Release|x86.Build.0 = Release|x86
		{D7B5D27B-2ECB-4CA4-82C6-D771E64747AC}.Release|x86.Deploy.0 = Release|x86
	EndGlobalSection
	GlobalSection(SolutionProperties) = preSolution
		HideSolutionNode = FALSE
	EndGlobalSection
EndGlobal
