
Microsoft Visual Studio Solution File, Format Version 12.00
# Visual Studio 2012
Project("{FAE04EC0-301F-11D3-BF4B-00C04F79EFBC}") = "StylingTabs", "StylingTabs.csproj", "{5798B5DC-D7C7-46B4-B511-AF4714FB4F6D}"
EndProject
Project("{FAE04EC0-301F-11D3-BF4B-00C04F79EFBC}") = "StylingTabs.Droid", "Droid\StylingTabs.Droid.csproj", "{9B665731-572D-429C-9D3C-38BE9B3FF7B3}"
EndProject
Global
	GlobalSection(SolutionConfigurationPlatforms) = preSolution
		Debug|Any CPU = Debug|Any CPU
		Release|Any CPU = Release|Any CPU
	EndGlobalSection
	GlobalSection(ProjectConfigurationPlatforms) = postSolution
		{5798B5DC-D7C7-46B4-B511-AF4714FB4F6D}.Debug|Any CPU.ActiveCfg = Debug|Any CPU
		{5798B5DC-D7C7-46B4-B511-AF4714FB4F6D}.Debug|Any CPU.Build.0 = Debug|Any CPU
		{5798B5DC-D7C7-46B4-B511-AF4714FB4F6D}.Release|Any CPU.ActiveCfg = Release|Any CPU
		{5798B5DC-D7C7-46B4-B511-AF4714FB4F6D}.Release|Any CPU.Build.0 = Release|Any CPU
		{9B665731-572D-429C-9D3C-38BE9B3FF7B3}.Debug|Any CPU.ActiveCfg = Debug|Any CPU
		{9B665731-572D-429C-9D3C-38BE9B3FF7B3}.Debug|Any CPU.Build.0 = Debug|Any CPU
		{9B665731-572D-429C-9D3C-38BE9B3FF7B3}.Release|Any CPU.ActiveCfg = Release|Any CPU
		{9B665731-572D-429C-9D3C-38BE9B3FF7B3}.Release|Any CPU.Build.0 = Release|Any CPU
	EndGlobalSection
EndGlobal
