
Microsoft Visual Studio Solution File, Format Version 12.00
# Visual Studio 15
VisualStudioVersion = 15.0.27130.2020
MinimumVisualStudioVersion = 10.0.40219.1
Project("{FAE04EC0-301F-11D3-BF4B-00C04F79EFBC}") = "ShakeMotionTest", "ShakeMotionTest\ShakeMotionTest.csproj", "{BFD0B37F-193A-4692-9A5E-27FA875046B4}"
EndProject
Project("{FAE04EC0-301F-11D3-BF4B-00C04F79EFBC}") = "ClassLibrary1", "ClassLibrary1\ClassLibrary1.csproj", "{C313DC23-1FED-469E-A911-088F4FEDB903}"
EndProject
Project("{FAE04EC0-301F-11D3-BF4B-00C04F79EFBC}") = "Sexy8Ball_AndroidWear", "Sexy8Ball_AndroidWear\Sexy8Ball_AndroidWear.csproj", "{477EC033-3AF2-4911-AA20-CFA9DAE7E3F1}"
EndProject
Global
	GlobalSection(SolutionConfigurationPlatforms) = preSolution
		Debug|Any CPU = Debug|Any CPU
		Release|Any CPU = Release|Any CPU
	EndGlobalSection
	GlobalSection(ProjectConfigurationPlatforms) = postSolution
		{BFD0B37F-193A-4692-9A5E-27FA875046B4}.Debug|Any CPU.ActiveCfg = Debug|Any CPU
		{BFD0B37F-193A-4692-9A5E-27FA875046B4}.Debug|Any CPU.Build.0 = Debug|Any CPU
		{BFD0B37F-193A-4692-9A5E-27FA875046B4}.Debug|Any CPU.Deploy.0 = Debug|Any CPU
		{BFD0B37F-193A-4692-9A5E-27FA875046B4}.Release|Any CPU.ActiveCfg = Release|Any CPU
		{BFD0B37F-193A-4692-9A5E-27FA875046B4}.Release|Any CPU.Build.0 = Release|Any CPU
		{BFD0B37F-193A-4692-9A5E-27FA875046B4}.Release|Any CPU.Deploy.0 = Release|Any CPU
		{C313DC23-1FED-469E-A911-088F4FEDB903}.Debug|Any CPU.ActiveCfg = Debug|Any CPU
		{C313DC23-1FED-469E-A911-088F4FEDB903}.Debug|Any CPU.Build.0 = Debug|Any CPU
		{C313DC23-1FED-469E-A911-088F4FEDB903}.Release|Any CPU.ActiveCfg = Release|Any CPU
		{C313DC23-1FED-469E-A911-088F4FEDB903}.Release|Any CPU.Build.0 = Release|Any CPU
		{477EC033-3AF2-4911-AA20-CFA9DAE7E3F1}.Debug|Any CPU.ActiveCfg = Debug|Any CPU
		{477EC033-3AF2-4911-AA20-CFA9DAE7E3F1}.Debug|Any CPU.Build.0 = Debug|Any CPU
		{477EC033-3AF2-4911-AA20-CFA9DAE7E3F1}.Debug|Any CPU.Deploy.0 = Debug|Any CPU
		{477EC033-3AF2-4911-AA20-CFA9DAE7E3F1}.Release|Any CPU.ActiveCfg = Release|Any CPU
		{477EC033-3AF2-4911-AA20-CFA9DAE7E3F1}.Release|Any CPU.Build.0 = Release|Any CPU
		{477EC033-3AF2-4911-AA20-CFA9DAE7E3F1}.Release|Any CPU.Deploy.0 = Release|Any CPU
	EndGlobalSection
	GlobalSection(SolutionProperties) = preSolution
		HideSolutionNode = FALSE
	EndGlobalSection
	GlobalSection(ExtensibilityGlobals) = postSolution
		SolutionGuid = {DCE23613-62AA-41E2-BD49-6547D801D106}
	EndGlobalSection
EndGlobal
